// !$*UTF8*$!
{
	archiveVersion = 1;
	classes = {
	};
	objectVersion = 51;
	objects = {

/* Begin PBXBuildFile section */
		28078C0E2429474800040DD3 /* Video.swift in Sources */ = {isa = PBXBuildFile; fileRef = 28078C0D2429474800040DD3 /* Video.swift */; };
		28078C1124294C4800040DD3 /* VideoCollectionViewCell.swift in Sources */ = {isa = PBXBuildFile; fileRef = 28078C0F24294C4800040DD3 /* VideoCollectionViewCell.swift */; };
		28078C1224294C4800040DD3 /* VideoCollectionViewCell.xib in Resources */ = {isa = PBXBuildFile; fileRef = 28078C1024294C4800040DD3 /* VideoCollectionViewCell.xib */; };
		28078C1424296DE300040DD3 /* LinkExtractor.swift in Sources */ = {isa = PBXBuildFile; fileRef = 28078C1324296DE300040DD3 /* LinkExtractor.swift */; };
		28078C16242A7CD900040DD3 /* UIColor.swift in Sources */ = {isa = PBXBuildFile; fileRef = 28078C15242A7CD900040DD3 /* UIColor.swift */; };
		280AFE70240E80E200D887A8 /* MoviesServiceLoadingStrategy.swift in Sources */ = {isa = PBXBuildFile; fileRef = 280AFE6F240E80E200D887A8 /* MoviesServiceLoadingStrategy.swift */; };
		28155CE6243A153000838384 /* FullPictureViewController.storyboard in Resources */ = {isa = PBXBuildFile; fileRef = 28155CE5243A153000838384 /* FullPictureViewController.storyboard */; };
		28155CE9243A158500838384 /* FullPictureModuleConfigurator.swift in Sources */ = {isa = PBXBuildFile; fileRef = 28155CE8243A158500838384 /* FullPictureModuleConfigurator.swift */; };
		28331CC22438FF5E0028CCE5 /* PersonModuleConfigurator.swift in Sources */ = {isa = PBXBuildFile; fileRef = 28331CC12438FF5E0028CCE5 /* PersonModuleConfigurator.swift */; };
		28331CC4243900350028CCE5 /* PersonViewController.storyboard in Resources */ = {isa = PBXBuildFile; fileRef = 28331CC3243900350028CCE5 /* PersonViewController.storyboard */; };
		28331CC6243904770028CCE5 /* PersonPresenter.swift in Sources */ = {isa = PBXBuildFile; fileRef = 28331CC5243904770028CCE5 /* PersonPresenter.swift */; };
		283892892420200400016011 /* MovieTableViewCell.swift in Sources */ = {isa = PBXBuildFile; fileRef = 283892872420200400016011 /* MovieTableViewCell.swift */; };
		2838928A2420200400016011 /* MovieTableViewCell.xib in Resources */ = {isa = PBXBuildFile; fileRef = 283892882420200400016011 /* MovieTableViewCell.xib */; };
		28520071240A698F00A8FB05 /* UrlParts.swift in Sources */ = {isa = PBXBuildFile; fileRef = 28520070240A698F00A8FB05 /* UrlParts.swift */; };
		28520073240D719300A8FB05 /* MoviesLoadingService.swift in Sources */ = {isa = PBXBuildFile; fileRef = 28520072240D719300A8FB05 /* MoviesLoadingService.swift */; };
		28520077240DA55700A8FB05 /* URL.swift in Sources */ = {isa = PBXBuildFile; fileRef = 28520076240DA55700A8FB05 /* URL.swift */; };
		285924C5241FDA5300E5F54A /* MoviesStorageService.swift in Sources */ = {isa = PBXBuildFile; fileRef = 285924C4241FDA5300E5F54A /* MoviesStorageService.swift */; };
		288E935B240667F700D67930 /* UIImageView.swift in Sources */ = {isa = PBXBuildFile; fileRef = 288E935A240667F700D67930 /* UIImageView.swift */; };
		28908AF6241BDB1A00B64835 /* StorageService.swift in Sources */ = {isa = PBXBuildFile; fileRef = 28908AF5241BDB1A00B64835 /* StorageService.swift */; };
		28908AF9241BDCA800B64835 /* MovieObject.swift in Sources */ = {isa = PBXBuildFile; fileRef = 28908AF8241BDCA800B64835 /* MovieObject.swift */; };
		28908AFB241BECAE00B64835 /* DetailedMovieObject.swift in Sources */ = {isa = PBXBuildFile; fileRef = 28908AFA241BECAE00B64835 /* DetailedMovieObject.swift */; };
		2896608F240F8B5800505732 /* DetailedMovie.swift in Sources */ = {isa = PBXBuildFile; fileRef = 2896608E240F8B5800505732 /* DetailedMovie.swift */; };
		28966093240FDD9000505732 /* FullPictureViewController.swift in Sources */ = {isa = PBXBuildFile; fileRef = 28966092240FDD9000505732 /* FullPictureViewController.swift */; };
		289AE6EF240033740029719B /* AppDelegate.swift in Sources */ = {isa = PBXBuildFile; fileRef = 289AE6EE240033740029719B /* AppDelegate.swift */; };
		289AE6F1240033740029719B /* SceneDelegate.swift in Sources */ = {isa = PBXBuildFile; fileRef = 289AE6F0240033740029719B /* SceneDelegate.swift */; };
		289AE6F6240033740029719B /* Main.storyboard in Resources */ = {isa = PBXBuildFile; fileRef = 289AE6F4240033740029719B /* Main.storyboard */; };
		289AE6F8240033770029719B /* Assets.xcassets in Resources */ = {isa = PBXBuildFile; fileRef = 289AE6F7240033770029719B /* Assets.xcassets */; };
		289AE6FB240033770029719B /* LaunchScreen.storyboard in Resources */ = {isa = PBXBuildFile; fileRef = 289AE6F9240033770029719B /* LaunchScreen.storyboard */; };
		289AE706240033770029719B /* TheMovieDatabaseTests.swift in Sources */ = {isa = PBXBuildFile; fileRef = 289AE705240033770029719B /* TheMovieDatabaseTests.swift */; };
		289AE7112400675A0029719B /* FeedViewController.swift in Sources */ = {isa = PBXBuildFile; fileRef = 289AE7102400675A0029719B /* FeedViewController.swift */; };
		289AE713240067790029719B /* FavoritesViewController.swift in Sources */ = {isa = PBXBuildFile; fileRef = 289AE712240067790029719B /* FavoritesViewController.swift */; };
		289AE7152400678D0029719B /* SearchMovieViewController.swift in Sources */ = {isa = PBXBuildFile; fileRef = 289AE7142400678D0029719B /* SearchMovieViewController.swift */; };
		28BB5E87242E61B400BA62F8 /* PersonViewController.swift in Sources */ = {isa = PBXBuildFile; fileRef = 28BB5E86242E61B400BA62F8 /* PersonViewController.swift */; };
		28C75EE824257EFC00BB6E70 /* DetailedMovieViewController.swift in Sources */ = {isa = PBXBuildFile; fileRef = 28C75EE724257EFC00BB6E70 /* DetailedMovieViewController.swift */; };
		28C75EEB24260D8E00BB6E70 /* PersonCollectionViewCell.swift in Sources */ = {isa = PBXBuildFile; fileRef = 28C75EE924260D8E00BB6E70 /* PersonCollectionViewCell.swift */; };
		28C75EEC24260D8E00BB6E70 /* PersonCollectionViewCell.xib in Resources */ = {isa = PBXBuildFile; fileRef = 28C75EEA24260D8E00BB6E70 /* PersonCollectionViewCell.xib */; };
		28C75EEE24260DD300BB6E70 /* UIView.swift in Sources */ = {isa = PBXBuildFile; fileRef = 28C75EED24260DD300BB6E70 /* UIView.swift */; };
		28C75EF22426181500BB6E70 /* CastEntry.swift in Sources */ = {isa = PBXBuildFile; fileRef = 28C75EF12426181500BB6E70 /* CastEntry.swift */; };
		28C75EF42426181C00BB6E70 /* CrewEntry.swift in Sources */ = {isa = PBXBuildFile; fileRef = 28C75EF32426181C00BB6E70 /* CrewEntry.swift */; };
		28D8B4B32431F59900A6BCDE /* Person.swift in Sources */ = {isa = PBXBuildFile; fileRef = 28D8B4B22431F59900A6BCDE /* Person.swift */; };
		28D8B4B62432102800A6BCDE /* PersonImagesCollectionViewCell.swift in Sources */ = {isa = PBXBuildFile; fileRef = 28D8B4B42432102800A6BCDE /* PersonImagesCollectionViewCell.swift */; };
		28D8B4B72432102800A6BCDE /* PersonImagesCollectionViewCell.xib in Resources */ = {isa = PBXBuildFile; fileRef = 28D8B4B52432102800A6BCDE /* PersonImagesCollectionViewCell.xib */; };
		28D8B4B92432120F00A6BCDE /* PersonImage.swift in Sources */ = {isa = PBXBuildFile; fileRef = 28D8B4B82432120F00A6BCDE /* PersonImage.swift */; };
		28DF2432243891F4004F08D0 /* PersonLoadingService.swift in Sources */ = {isa = PBXBuildFile; fileRef = 28DF2431243891F4004F08D0 /* PersonLoadingService.swift */; };
		28FD53C924058E4D00AD4923 /* Movie.swift in Sources */ = {isa = PBXBuildFile; fileRef = 28FD53C824058E4D00AD4923 /* Movie.swift */; };
		2B3E8D15B75E737D19A7370A /* Pods_TheMovieDatabaseTests.framework in Frameworks */ = {isa = PBXBuildFile; fileRef = 69B12158B312180164C1BF06 /* Pods_TheMovieDatabaseTests.framework */; };
		E156A3BAC9D2CC74AE938E3F /* Pods_TheMovieDatabase.framework in Frameworks */ = {isa = PBXBuildFile; fileRef = 9BD04DE53125F070D27FC66C /* Pods_TheMovieDatabase.framework */; };
/* End PBXBuildFile section */

/* Begin PBXContainerItemProxy section */
		289AE702240033770029719B /* PBXContainerItemProxy */ = {
			isa = PBXContainerItemProxy;
			containerPortal = 289AE6E3240033740029719B /* Project object */;
			proxyType = 1;
			remoteGlobalIDString = 289AE6EA240033740029719B;
			remoteInfo = TheMovieDatabase;
		};
/* End PBXContainerItemProxy section */

/* Begin PBXFileReference section */
		28078C0D2429474800040DD3 /* Video.swift */ = {isa = PBXFileReference; lastKnownFileType = sourcecode.swift; path = Video.swift; sourceTree = "<group>"; };
		28078C0F24294C4800040DD3 /* VideoCollectionViewCell.swift */ = {isa = PBXFileReference; lastKnownFileType = sourcecode.swift; path = VideoCollectionViewCell.swift; sourceTree = "<group>"; };
		28078C1024294C4800040DD3 /* VideoCollectionViewCell.xib */ = {isa = PBXFileReference; lastKnownFileType = file.xib; path = VideoCollectionViewCell.xib; sourceTree = "<group>"; };
		28078C1324296DE300040DD3 /* LinkExtractor.swift */ = {isa = PBXFileReference; lastKnownFileType = sourcecode.swift; path = LinkExtractor.swift; sourceTree = "<group>"; };
		28078C15242A7CD900040DD3 /* UIColor.swift */ = {isa = PBXFileReference; lastKnownFileType = sourcecode.swift; path = UIColor.swift; sourceTree = "<group>"; };
		280AFE6F240E80E200D887A8 /* MoviesServiceLoadingStrategy.swift */ = {isa = PBXFileReference; lastKnownFileType = sourcecode.swift; path = MoviesServiceLoadingStrategy.swift; sourceTree = "<group>"; };
		28155CE5243A153000838384 /* FullPictureViewController.storyboard */ = {isa = PBXFileReference; lastKnownFileType = file.storyboard; path = FullPictureViewController.storyboard; sourceTree = "<group>"; };
		28155CE8243A158500838384 /* FullPictureModuleConfigurator.swift */ = {isa = PBXFileReference; lastKnownFileType = sourcecode.swift; path = FullPictureModuleConfigurator.swift; sourceTree = "<group>"; };
		28331CC12438FF5E0028CCE5 /* PersonModuleConfigurator.swift */ = {isa = PBXFileReference; lastKnownFileType = sourcecode.swift; path = PersonModuleConfigurator.swift; sourceTree = "<group>"; };
		28331CC3243900350028CCE5 /* PersonViewController.storyboard */ = {isa = PBXFileReference; lastKnownFileType = file.storyboard; path = PersonViewController.storyboard; sourceTree = "<group>"; };
		28331CC5243904770028CCE5 /* PersonPresenter.swift */ = {isa = PBXFileReference; lastKnownFileType = sourcecode.swift; path = PersonPresenter.swift; sourceTree = "<group>"; };
		283892872420200400016011 /* MovieTableViewCell.swift */ = {isa = PBXFileReference; lastKnownFileType = sourcecode.swift; path = MovieTableViewCell.swift; sourceTree = "<group>"; };
		283892882420200400016011 /* MovieTableViewCell.xib */ = {isa = PBXFileReference; lastKnownFileType = file.xib; path = MovieTableViewCell.xib; sourceTree = "<group>"; };
		28520070240A698F00A8FB05 /* UrlParts.swift */ = {isa = PBXFileReference; lastKnownFileType = sourcecode.swift; path = UrlParts.swift; sourceTree = "<group>"; };
		28520072240D719300A8FB05 /* MoviesLoadingService.swift */ = {isa = PBXFileReference; lastKnownFileType = sourcecode.swift; name = MoviesLoadingService.swift; path = ../Network/MoviesLoadingService.swift; sourceTree = "<group>"; };
		28520076240DA55700A8FB05 /* URL.swift */ = {isa = PBXFileReference; lastKnownFileType = sourcecode.swift; path = URL.swift; sourceTree = "<group>"; };
		285924C4241FDA5300E5F54A /* MoviesStorageService.swift */ = {isa = PBXFileReference; lastKnownFileType = sourcecode.swift; path = MoviesStorageService.swift; sourceTree = "<group>"; };
		288E935A240667F700D67930 /* UIImageView.swift */ = {isa = PBXFileReference; lastKnownFileType = sourcecode.swift; path = UIImageView.swift; sourceTree = "<group>"; };
		28908AF5241BDB1A00B64835 /* StorageService.swift */ = {isa = PBXFileReference; lastKnownFileType = sourcecode.swift; path = StorageService.swift; sourceTree = "<group>"; };
		28908AF8241BDCA800B64835 /* MovieObject.swift */ = {isa = PBXFileReference; lastKnownFileType = sourcecode.swift; path = MovieObject.swift; sourceTree = "<group>"; };
		28908AFA241BECAE00B64835 /* DetailedMovieObject.swift */ = {isa = PBXFileReference; lastKnownFileType = sourcecode.swift; path = DetailedMovieObject.swift; sourceTree = "<group>"; };
		2896608E240F8B5800505732 /* DetailedMovie.swift */ = {isa = PBXFileReference; lastKnownFileType = sourcecode.swift; path = DetailedMovie.swift; sourceTree = "<group>"; };
		28966092240FDD9000505732 /* FullPictureViewController.swift */ = {isa = PBXFileReference; lastKnownFileType = sourcecode.swift; path = FullPictureViewController.swift; sourceTree = "<group>"; };
		289AE6EB240033740029719B /* TheMovieDatabase.app */ = {isa = PBXFileReference; explicitFileType = wrapper.application; includeInIndex = 0; path = TheMovieDatabase.app; sourceTree = BUILT_PRODUCTS_DIR; };
		289AE6EE240033740029719B /* AppDelegate.swift */ = {isa = PBXFileReference; lastKnownFileType = sourcecode.swift; path = AppDelegate.swift; sourceTree = "<group>"; };
		289AE6F0240033740029719B /* SceneDelegate.swift */ = {isa = PBXFileReference; lastKnownFileType = sourcecode.swift; path = SceneDelegate.swift; sourceTree = "<group>"; };
		289AE6F5240033740029719B /* Base */ = {isa = PBXFileReference; lastKnownFileType = file.storyboard; name = Base; path = Base.lproj/Main.storyboard; sourceTree = "<group>"; };
		289AE6F7240033770029719B /* Assets.xcassets */ = {isa = PBXFileReference; lastKnownFileType = folder.assetcatalog; path = Assets.xcassets; sourceTree = "<group>"; };
		289AE6FA240033770029719B /* Base */ = {isa = PBXFileReference; lastKnownFileType = file.storyboard; name = Base; path = Base.lproj/LaunchScreen.storyboard; sourceTree = "<group>"; };
		289AE6FC240033770029719B /* Info.plist */ = {isa = PBXFileReference; lastKnownFileType = text.plist.xml; path = Info.plist; sourceTree = "<group>"; };
		289AE701240033770029719B /* TheMovieDatabaseTests.xctest */ = {isa = PBXFileReference; explicitFileType = wrapper.cfbundle; includeInIndex = 0; path = TheMovieDatabaseTests.xctest; sourceTree = BUILT_PRODUCTS_DIR; };
		289AE705240033770029719B /* TheMovieDatabaseTests.swift */ = {isa = PBXFileReference; lastKnownFileType = sourcecode.swift; path = TheMovieDatabaseTests.swift; sourceTree = "<group>"; };
		289AE707240033770029719B /* Info.plist */ = {isa = PBXFileReference; lastKnownFileType = text.plist.xml; path = Info.plist; sourceTree = "<group>"; };
		289AE7102400675A0029719B /* FeedViewController.swift */ = {isa = PBXFileReference; lastKnownFileType = sourcecode.swift; path = FeedViewController.swift; sourceTree = "<group>"; };
		289AE712240067790029719B /* FavoritesViewController.swift */ = {isa = PBXFileReference; lastKnownFileType = sourcecode.swift; path = FavoritesViewController.swift; sourceTree = "<group>"; };
		289AE7142400678D0029719B /* SearchMovieViewController.swift */ = {isa = PBXFileReference; lastKnownFileType = sourcecode.swift; path = SearchMovieViewController.swift; sourceTree = "<group>"; };
		28BB5E86242E61B400BA62F8 /* PersonViewController.swift */ = {isa = PBXFileReference; lastKnownFileType = sourcecode.swift; path = PersonViewController.swift; sourceTree = "<group>"; };
		28C75EE724257EFC00BB6E70 /* DetailedMovieViewController.swift */ = {isa = PBXFileReference; lastKnownFileType = sourcecode.swift; path = DetailedMovieViewController.swift; sourceTree = "<group>"; };
		28C75EE924260D8E00BB6E70 /* PersonCollectionViewCell.swift */ = {isa = PBXFileReference; lastKnownFileType = sourcecode.swift; path = PersonCollectionViewCell.swift; sourceTree = "<group>"; };
		28C75EEA24260D8E00BB6E70 /* PersonCollectionViewCell.xib */ = {isa = PBXFileReference; lastKnownFileType = file.xib; path = PersonCollectionViewCell.xib; sourceTree = "<group>"; };
		28C75EED24260DD300BB6E70 /* UIView.swift */ = {isa = PBXFileReference; lastKnownFileType = sourcecode.swift; path = UIView.swift; sourceTree = "<group>"; };
		28C75EF12426181500BB6E70 /* CastEntry.swift */ = {isa = PBXFileReference; lastKnownFileType = sourcecode.swift; path = CastEntry.swift; sourceTree = "<group>"; };
		28C75EF32426181C00BB6E70 /* CrewEntry.swift */ = {isa = PBXFileReference; lastKnownFileType = sourcecode.swift; path = CrewEntry.swift; sourceTree = "<group>"; };
		28D8B4B22431F59900A6BCDE /* Person.swift */ = {isa = PBXFileReference; lastKnownFileType = sourcecode.swift; path = Person.swift; sourceTree = "<group>"; };
		28D8B4B42432102800A6BCDE /* PersonImagesCollectionViewCell.swift */ = {isa = PBXFileReference; lastKnownFileType = sourcecode.swift; path = PersonImagesCollectionViewCell.swift; sourceTree = "<group>"; };
		28D8B4B52432102800A6BCDE /* PersonImagesCollectionViewCell.xib */ = {isa = PBXFileReference; lastKnownFileType = file.xib; path = PersonImagesCollectionViewCell.xib; sourceTree = "<group>"; };
		28D8B4B82432120F00A6BCDE /* PersonImage.swift */ = {isa = PBXFileReference; lastKnownFileType = sourcecode.swift; path = PersonImage.swift; sourceTree = "<group>"; };
		28DF2431243891F4004F08D0 /* PersonLoadingService.swift */ = {isa = PBXFileReference; lastKnownFileType = sourcecode.swift; path = PersonLoadingService.swift; sourceTree = "<group>"; };
		28FD53C824058E4D00AD4923 /* Movie.swift */ = {isa = PBXFileReference; lastKnownFileType = sourcecode.swift; path = Movie.swift; sourceTree = "<group>"; };
		42A61C9BA9287CA1FB662FC4 /* Pods-TheMovieDatabase.debug.xcconfig */ = {isa = PBXFileReference; includeInIndex = 1; lastKnownFileType = text.xcconfig; name = "Pods-TheMovieDatabase.debug.xcconfig"; path = "Target Support Files/Pods-TheMovieDatabase/Pods-TheMovieDatabase.debug.xcconfig"; sourceTree = "<group>"; };
		69B12158B312180164C1BF06 /* Pods_TheMovieDatabaseTests.framework */ = {isa = PBXFileReference; explicitFileType = wrapper.framework; includeInIndex = 0; path = Pods_TheMovieDatabaseTests.framework; sourceTree = BUILT_PRODUCTS_DIR; };
		6C773D6C0317A66DEFD8E162 /* Pods-TheMovieDatabase.release.xcconfig */ = {isa = PBXFileReference; includeInIndex = 1; lastKnownFileType = text.xcconfig; name = "Pods-TheMovieDatabase.release.xcconfig"; path = "Target Support Files/Pods-TheMovieDatabase/Pods-TheMovieDatabase.release.xcconfig"; sourceTree = "<group>"; };
		71D4FC945196AEC04BFA1B85 /* Pods-TheMovieDatabaseTests.debug.xcconfig */ = {isa = PBXFileReference; includeInIndex = 1; lastKnownFileType = text.xcconfig; name = "Pods-TheMovieDatabaseTests.debug.xcconfig"; path = "Target Support Files/Pods-TheMovieDatabaseTests/Pods-TheMovieDatabaseTests.debug.xcconfig"; sourceTree = "<group>"; };
		9BD04DE53125F070D27FC66C /* Pods_TheMovieDatabase.framework */ = {isa = PBXFileReference; explicitFileType = wrapper.framework; includeInIndex = 0; path = Pods_TheMovieDatabase.framework; sourceTree = BUILT_PRODUCTS_DIR; };
		B9D03ABDD85B9A938F3C2E95 /* Pods-TheMovieDatabaseTests.release.xcconfig */ = {isa = PBXFileReference; includeInIndex = 1; lastKnownFileType = text.xcconfig; name = "Pods-TheMovieDatabaseTests.release.xcconfig"; path = "Target Support Files/Pods-TheMovieDatabaseTests/Pods-TheMovieDatabaseTests.release.xcconfig"; sourceTree = "<group>"; };
/* End PBXFileReference section */

/* Begin PBXFrameworksBuildPhase section */
		289AE6E8240033740029719B /* Frameworks */ = {
			isa = PBXFrameworksBuildPhase;
			buildActionMask = 2147483647;
			files = (
				E156A3BAC9D2CC74AE938E3F /* Pods_TheMovieDatabase.framework in Frameworks */,
			);
			runOnlyForDeploymentPostprocessing = 0;
		};
		289AE6FE240033770029719B /* Frameworks */ = {
			isa = PBXFrameworksBuildPhase;
			buildActionMask = 2147483647;
			files = (
				2B3E8D15B75E737D19A7370A /* Pods_TheMovieDatabaseTests.framework in Frameworks */,
			);
			runOnlyForDeploymentPostprocessing = 0;
		};
/* End PBXFrameworksBuildPhase section */

/* Begin PBXGroup section */
		28155CE7243A157100838384 /* View */ = {
			isa = PBXGroup;
			children = (
				28966092240FDD9000505732 /* FullPictureViewController.swift */,
				28155CE5243A153000838384 /* FullPictureViewController.storyboard */,
			);
			path = View;
			sourceTree = "<group>";
		};
		28155CEA243A15AF00838384 /* Configurator */ = {
			isa = PBXGroup;
			children = (
				28155CE8243A158500838384 /* FullPictureModuleConfigurator.swift */,
			);
			path = Configurator;
			sourceTree = "<group>";
		};
		28331CC02438FDED0028CCE5 /* Person */ = {
			isa = PBXGroup;
			children = (
				28331CC8243912E00028CCE5 /* Configurator */,
				28331CC7243912B40028CCE5 /* Presenter */,
				28331CC9243912FB0028CCE5 /* View */,
			);
			path = Person;
			sourceTree = "<group>";
		};
		28331CC7243912B40028CCE5 /* Presenter */ = {
			isa = PBXGroup;
			children = (
				28331CC5243904770028CCE5 /* PersonPresenter.swift */,
			);
			path = Presenter;
			sourceTree = "<group>";
		};
		28331CC8243912E00028CCE5 /* Configurator */ = {
			isa = PBXGroup;
			children = (
				28331CC12438FF5E0028CCE5 /* PersonModuleConfigurator.swift */,
			);
			path = Configurator;
			sourceTree = "<group>";
		};
		28331CC9243912FB0028CCE5 /* View */ = {
			isa = PBXGroup;
			children = (
				28BB5E86242E61B400BA62F8 /* PersonViewController.swift */,
				28331CC3243900350028CCE5 /* PersonViewController.storyboard */,
				28331CCA243913270028CCE5 /* Cells */,
			);
			path = View;
			sourceTree = "<group>";
		};
		28331CCA243913270028CCE5 /* Cells */ = {
			isa = PBXGroup;
			children = (
				28D8B4B52432102800A6BCDE /* PersonImagesCollectionViewCell.xib */,
				28D8B4B42432102800A6BCDE /* PersonImagesCollectionViewCell.swift */,
			);
			path = Cells;
			sourceTree = "<group>";
		};
		283B457D243A14BB004CE8D1 /* FullPicture */ = {
			isa = PBXGroup;
			children = (
				28155CEA243A15AF00838384 /* Configurator */,
				28155CE7243A157100838384 /* View */,
			);
			path = FullPicture;
			sourceTree = "<group>";
		};
		288E935C240667FC00D67930 /* Extensions */ = {
			isa = PBXGroup;
			children = (
				288E935A240667F700D67930 /* UIImageView.swift */,
				28078C15242A7CD900040DD3 /* UIColor.swift */,
				28C75EED24260DD300BB6E70 /* UIView.swift */,
				28520076240DA55700A8FB05 /* URL.swift */,
			);
			path = Extensions;
			sourceTree = "<group>";
		};
		288E935D240673F300D67930 /* Network */ = {
			isa = PBXGroup;
			children = (
				280AFE6F240E80E200D887A8 /* MoviesServiceLoadingStrategy.swift */,
				28520070240A698F00A8FB05 /* UrlParts.swift */,
				28078C1324296DE300040DD3 /* LinkExtractor.swift */,
			);
			path = Network;
			sourceTree = "<group>";
		};
		28908AF7241BDB2000B64835 /* Realm */ = {
			isa = PBXGroup;
			children = (
				28908AF5241BDB1A00B64835 /* StorageService.swift */,
				285924C4241FDA5300E5F54A /* MoviesStorageService.swift */,
				28908AF8241BDCA800B64835 /* MovieObject.swift */,
				28908AFA241BECAE00B64835 /* DetailedMovieObject.swift */,
			);
			path = Realm;
			sourceTree = "<group>";
		};
		28939DDC24239E7D003772C7 /* Services */ = {
			isa = PBXGroup;
			children = (
				28520072240D719300A8FB05 /* MoviesLoadingService.swift */,
				28DF2431243891F4004F08D0 /* PersonLoadingService.swift */,
			);
			path = Services;
			sourceTree = "<group>";
		};
		289AE6E2240033740029719B = {
			isa = PBXGroup;
			children = (
				289AE6ED240033740029719B /* TheMovieDatabase */,
				289AE704240033770029719B /* TheMovieDatabaseTests */,
				289AE6EC240033740029719B /* Products */,
				4CEB46CD3AAE94E655E5B928 /* Pods */,
				5FCD7946FCD40B127AEE1A06 /* Frameworks */,
			);
			sourceTree = "<group>";
		};
		289AE6EC240033740029719B /* Products */ = {
			isa = PBXGroup;
			children = (
				289AE6EB240033740029719B /* TheMovieDatabase.app */,
				289AE701240033770029719B /* TheMovieDatabaseTests.xctest */,
			);
			name = Products;
			sourceTree = "<group>";
		};
		289AE6ED240033740029719B /* TheMovieDatabase */ = {
			isa = PBXGroup;
			children = (
				289AE6EE240033740029719B /* AppDelegate.swift */,
				28FD53CA24058E5300AD4923 /* Models */,
				28FD53CC24058F7C00AD4923 /* Views */,
				28FD53CB24058E6C00AD4923 /* ViewControllers */,
				28908AF7241BDB2000B64835 /* Realm */,
				28939DDC24239E7D003772C7 /* Services */,
				288E935D240673F300D67930 /* Network */,
				288E935C240667FC00D67930 /* Extensions */,
				289AE6F0240033740029719B /* SceneDelegate.swift */,
				289AE6F7240033770029719B /* Assets.xcassets */,
				289AE6F9240033770029719B /* LaunchScreen.storyboard */,
				289AE6FC240033770029719B /* Info.plist */,
			);
			path = TheMovieDatabase;
			sourceTree = "<group>";
		};
		289AE704240033770029719B /* TheMovieDatabaseTests */ = {
			isa = PBXGroup;
			children = (
				289AE705240033770029719B /* TheMovieDatabaseTests.swift */,
				289AE707240033770029719B /* Info.plist */,
			);
			path = TheMovieDatabaseTests;
			sourceTree = "<group>";
		};
		28FD53CA24058E5300AD4923 /* Models */ = {
			isa = PBXGroup;
			children = (
				28FD53C824058E4D00AD4923 /* Movie.swift */,
				28078C0D2429474800040DD3 /* Video.swift */,
				2896608E240F8B5800505732 /* DetailedMovie.swift */,
				28C75EF12426181500BB6E70 /* CastEntry.swift */,
				28C75EF32426181C00BB6E70 /* CrewEntry.swift */,
				28D8B4B22431F59900A6BCDE /* Person.swift */,
				28D8B4B82432120F00A6BCDE /* PersonImage.swift */,
			);
			path = Models;
			sourceTree = "<group>";
		};
		28FD53CB24058E6C00AD4923 /* ViewControllers */ = {
			isa = PBXGroup;
			children = (
				289AE7102400675A0029719B /* FeedViewController.swift */,
				28C75EE724257EFC00BB6E70 /* DetailedMovieViewController.swift */,
				289AE712240067790029719B /* FavoritesViewController.swift */,
				289AE7142400678D0029719B /* SearchMovieViewController.swift */,
				28C75EE924260D8E00BB6E70 /* PersonCollectionViewCell.swift */,
				28078C0F24294C4800040DD3 /* VideoCollectionViewCell.swift */,
				283892872420200400016011 /* MovieTableViewCell.swift */,
				283B457D243A14BB004CE8D1 /* FullPicture */,
				28331CC02438FDED0028CCE5 /* Person */,
			);
			path = ViewControllers;
			sourceTree = "<group>";
		};
		28FD53CC24058F7C00AD4923 /* Views */ = {
			isa = PBXGroup;
			children = (
				289AE6F4240033740029719B /* Main.storyboard */,
				283892882420200400016011 /* MovieTableViewCell.xib */,
				28078C1024294C4800040DD3 /* VideoCollectionViewCell.xib */,
				28C75EEA24260D8E00BB6E70 /* PersonCollectionViewCell.xib */,
			);
			path = Views;
			sourceTree = "<group>";
		};
		4CEB46CD3AAE94E655E5B928 /* Pods */ = {
			isa = PBXGroup;
			children = (
				42A61C9BA9287CA1FB662FC4 /* Pods-TheMovieDatabase.debug.xcconfig */,
				6C773D6C0317A66DEFD8E162 /* Pods-TheMovieDatabase.release.xcconfig */,
				71D4FC945196AEC04BFA1B85 /* Pods-TheMovieDatabaseTests.debug.xcconfig */,
				B9D03ABDD85B9A938F3C2E95 /* Pods-TheMovieDatabaseTests.release.xcconfig */,
			);
			path = Pods;
			sourceTree = "<group>";
		};
		5FCD7946FCD40B127AEE1A06 /* Frameworks */ = {
			isa = PBXGroup;
			children = (
				9BD04DE53125F070D27FC66C /* Pods_TheMovieDatabase.framework */,
				69B12158B312180164C1BF06 /* Pods_TheMovieDatabaseTests.framework */,
			);
			name = Frameworks;
			sourceTree = "<group>";
		};
/* End PBXGroup section */

/* Begin PBXNativeTarget section */
		289AE6EA240033740029719B /* TheMovieDatabase */ = {
			isa = PBXNativeTarget;
			buildConfigurationList = 289AE70A240033770029719B /* Build configuration list for PBXNativeTarget "TheMovieDatabase" */;
			buildPhases = (
				B1F41F0A849D5A1D3E8DFE32 /* [CP] Check Pods Manifest.lock */,
				289AE6E7240033740029719B /* Sources */,
				289AE6E8240033740029719B /* Frameworks */,
				289AE6E9240033740029719B /* Resources */,
				28FD53C22403E61E00AD4923 /* ShellScript */,
				129C93A236D77A4013E95559 /* [CP] Embed Pods Frameworks */,
			);
			buildRules = (
			);
			dependencies = (
			);
			name = TheMovieDatabase;
			productName = TheMovieDatabase;
			productReference = 289AE6EB240033740029719B /* TheMovieDatabase.app */;
			productType = "com.apple.product-type.application";
		};
		289AE700240033770029719B /* TheMovieDatabaseTests */ = {
			isa = PBXNativeTarget;
			buildConfigurationList = 289AE70D240033770029719B /* Build configuration list for PBXNativeTarget "TheMovieDatabaseTests" */;
			buildPhases = (
				24C88725507BF9D5BEC0C43B /* [CP] Check Pods Manifest.lock */,
				289AE6FD240033770029719B /* Sources */,
				289AE6FE240033770029719B /* Frameworks */,
				289AE6FF240033770029719B /* Resources */,
			);
			buildRules = (
			);
			dependencies = (
				289AE703240033770029719B /* PBXTargetDependency */,
			);
			name = TheMovieDatabaseTests;
			productName = TheMovieDatabaseTests;
			productReference = 289AE701240033770029719B /* TheMovieDatabaseTests.xctest */;
			productType = "com.apple.product-type.bundle.unit-test";
		};
/* End PBXNativeTarget section */

/* Begin PBXProject section */
		289AE6E3240033740029719B /* Project object */ = {
			isa = PBXProject;
			attributes = {
				LastSwiftUpdateCheck = 1120;
				LastUpgradeCheck = 1120;
				ORGANIZATIONNAME = "Evgeny Syrtsov";
				TargetAttributes = {
					289AE6EA240033740029719B = {
						CreatedOnToolsVersion = 11.2.1;
					};
					289AE700240033770029719B = {
						CreatedOnToolsVersion = 11.2.1;
						TestTargetID = 289AE6EA240033740029719B;
					};
				};
			};
			buildConfigurationList = 289AE6E6240033740029719B /* Build configuration list for PBXProject "TheMovieDatabase" */;
			compatibilityVersion = "Xcode 9.3";
			developmentRegion = en;
			hasScannedForEncodings = 0;
			knownRegions = (
				en,
				Base,
			);
			mainGroup = 289AE6E2240033740029719B;
			productRefGroup = 289AE6EC240033740029719B /* Products */;
			projectDirPath = "";
			projectRoot = "";
			targets = (
				289AE6EA240033740029719B /* TheMovieDatabase */,
				289AE700240033770029719B /* TheMovieDatabaseTests */,
			);
		};
/* End PBXProject section */

/* Begin PBXResourcesBuildPhase section */
		289AE6E9240033740029719B /* Resources */ = {
			isa = PBXResourcesBuildPhase;
			buildActionMask = 2147483647;
			files = (
				289AE6FB240033770029719B /* LaunchScreen.storyboard in Resources */,
				28C75EEC24260D8E00BB6E70 /* PersonCollectionViewCell.xib in Resources */,
				28D8B4B72432102800A6BCDE /* PersonImagesCollectionViewCell.xib in Resources */,
				289AE6F8240033770029719B /* Assets.xcassets in Resources */,
				28155CE6243A153000838384 /* FullPictureViewController.storyboard in Resources */,
				28331CC4243900350028CCE5 /* PersonViewController.storyboard in Resources */,
				28078C1224294C4800040DD3 /* VideoCollectionViewCell.xib in Resources */,
				2838928A2420200400016011 /* MovieTableViewCell.xib in Resources */,
				289AE6F6240033740029719B /* Main.storyboard in Resources */,
			);
			runOnlyForDeploymentPostprocessing = 0;
		};
		289AE6FF240033770029719B /* Resources */ = {
			isa = PBXResourcesBuildPhase;
			buildActionMask = 2147483647;
			files = (
			);
			runOnlyForDeploymentPostprocessing = 0;
		};
/* End PBXResourcesBuildPhase section */

/* Begin PBXShellScriptBuildPhase section */
		129C93A236D77A4013E95559 /* [CP] Embed Pods Frameworks */ = {
			isa = PBXShellScriptBuildPhase;
			buildActionMask = 2147483647;
			files = (
			);
			inputFileListPaths = (
				"${PODS_ROOT}/Target Support Files/Pods-TheMovieDatabase/Pods-TheMovieDatabase-frameworks-${CONFIGURATION}-input-files.xcfilelist",
			);
			name = "[CP] Embed Pods Frameworks";
			outputFileListPaths = (
				"${PODS_ROOT}/Target Support Files/Pods-TheMovieDatabase/Pods-TheMovieDatabase-frameworks-${CONFIGURATION}-output-files.xcfilelist",
			);
			runOnlyForDeploymentPostprocessing = 0;
			shellPath = /bin/sh;
			shellScript = "\"${PODS_ROOT}/Target Support Files/Pods-TheMovieDatabase/Pods-TheMovieDatabase-frameworks.sh\"\n";
			showEnvVarsInLog = 0;
		};
		24C88725507BF9D5BEC0C43B /* [CP] Check Pods Manifest.lock */ = {
			isa = PBXShellScriptBuildPhase;
			buildActionMask = 2147483647;
			files = (
			);
			inputFileListPaths = (
			);
			inputPaths = (
				"${PODS_PODFILE_DIR_PATH}/Podfile.lock",
				"${PODS_ROOT}/Manifest.lock",
			);
			name = "[CP] Check Pods Manifest.lock";
			outputFileListPaths = (
			);
			outputPaths = (
				"$(DERIVED_FILE_DIR)/Pods-TheMovieDatabaseTests-checkManifestLockResult.txt",
			);
			runOnlyForDeploymentPostprocessing = 0;
			shellPath = /bin/sh;
			shellScript = "diff \"${PODS_PODFILE_DIR_PATH}/Podfile.lock\" \"${PODS_ROOT}/Manifest.lock\" > /dev/null\nif [ $? != 0 ] ; then\n    # print error to STDERR\n    echo \"error: The sandbox is not in sync with the Podfile.lock. Run 'pod install' or update your CocoaPods installation.\" >&2\n    exit 1\nfi\n# This output is used by Xcode 'outputs' to avoid re-running this script phase.\necho \"SUCCESS\" > \"${SCRIPT_OUTPUT_FILE_0}\"\n";
			showEnvVarsInLog = 0;
		};
		28FD53C22403E61E00AD4923 /* ShellScript */ = {
			isa = PBXShellScriptBuildPhase;
			buildActionMask = 2147483647;
			files = (
			);
			inputFileListPaths = (
			);
			inputPaths = (
			);
			outputFileListPaths = (
			);
			outputPaths = (
			);
			runOnlyForDeploymentPostprocessing = 0;
			shellPath = /bin/sh;
			shellScript = "if which swiftlint >/dev/null; then\n  swiftlint\nelse\n  echo \"warning: SwiftLint not installed, download from https://github.com/realm/SwiftLint\"\nfi\n";
		};
		B1F41F0A849D5A1D3E8DFE32 /* [CP] Check Pods Manifest.lock */ = {
			isa = PBXShellScriptBuildPhase;
			buildActionMask = 2147483647;
			files = (
			);
			inputFileListPaths = (
			);
			inputPaths = (
				"${PODS_PODFILE_DIR_PATH}/Podfile.lock",
				"${PODS_ROOT}/Manifest.lock",
			);
			name = "[CP] Check Pods Manifest.lock";
			outputFileListPaths = (
			);
			outputPaths = (
				"$(DERIVED_FILE_DIR)/Pods-TheMovieDatabase-checkManifestLockResult.txt",
			);
			runOnlyForDeploymentPostprocessing = 0;
			shellPath = /bin/sh;
			shellScript = "diff \"${PODS_PODFILE_DIR_PATH}/Podfile.lock\" \"${PODS_ROOT}/Manifest.lock\" > /dev/null\nif [ $? != 0 ] ; then\n    # print error to STDERR\n    echo \"error: The sandbox is not in sync with the Podfile.lock. Run 'pod install' or update your CocoaPods installation.\" >&2\n    exit 1\nfi\n# This output is used by Xcode 'outputs' to avoid re-running this script phase.\necho \"SUCCESS\" > \"${SCRIPT_OUTPUT_FILE_0}\"\n";
			showEnvVarsInLog = 0;
		};
/* End PBXShellScriptBuildPhase section */

/* Begin PBXSourcesBuildPhase section */
		289AE6E7240033740029719B /* Sources */ = {
			isa = PBXSourcesBuildPhase;
			buildActionMask = 2147483647;
			files = (
				28C75EF42426181C00BB6E70 /* CrewEntry.swift in Sources */,
				285924C5241FDA5300E5F54A /* MoviesStorageService.swift in Sources */,
				28078C1124294C4800040DD3 /* VideoCollectionViewCell.swift in Sources */,
				288E935B240667F700D67930 /* UIImageView.swift in Sources */,
				28C75EE824257EFC00BB6E70 /* DetailedMovieViewController.swift in Sources */,
				289AE7152400678D0029719B /* SearchMovieViewController.swift in Sources */,
				280AFE70240E80E200D887A8 /* MoviesServiceLoadingStrategy.swift in Sources */,
				28331CC22438FF5E0028CCE5 /* PersonModuleConfigurator.swift in Sources */,
				28C75EEE24260DD300BB6E70 /* UIView.swift in Sources */,
				28D8B4B92432120F00A6BCDE /* PersonImage.swift in Sources */,
				289AE6EF240033740029719B /* AppDelegate.swift in Sources */,
				28D8B4B32431F59900A6BCDE /* Person.swift in Sources */,
				28908AFB241BECAE00B64835 /* DetailedMovieObject.swift in Sources */,
				28FD53C924058E4D00AD4923 /* Movie.swift in Sources */,
				28520073240D719300A8FB05 /* MoviesLoadingService.swift in Sources */,
				28C75EEB24260D8E00BB6E70 /* PersonCollectionViewCell.swift in Sources */,
				28966093240FDD9000505732 /* FullPictureViewController.swift in Sources */,
				28078C1424296DE300040DD3 /* LinkExtractor.swift in Sources */,
				28155CE9243A158500838384 /* FullPictureModuleConfigurator.swift in Sources */,
				289AE7112400675A0029719B /* FeedViewController.swift in Sources */,
				28C75EF22426181500BB6E70 /* CastEntry.swift in Sources */,
				28078C16242A7CD900040DD3 /* UIColor.swift in Sources */,
				28331CC6243904770028CCE5 /* PersonPresenter.swift in Sources */,
				289AE713240067790029719B /* FavoritesViewController.swift in Sources */,
				28908AF6241BDB1A00B64835 /* StorageService.swift in Sources */,
				2896608F240F8B5800505732 /* DetailedMovie.swift in Sources */,
				289AE6F1240033740029719B /* SceneDelegate.swift in Sources */,
				28908AF9241BDCA800B64835 /* MovieObject.swift in Sources */,
				28520071240A698F00A8FB05 /* UrlParts.swift in Sources */,
				28520077240DA55700A8FB05 /* URL.swift in Sources */,
				28DF2432243891F4004F08D0 /* PersonLoadingService.swift in Sources */,
				283892892420200400016011 /* MovieTableViewCell.swift in Sources */,
				28D8B4B62432102800A6BCDE /* PersonImagesCollectionViewCell.swift in Sources */,
				28078C0E2429474800040DD3 /* Video.swift in Sources */,
				28BB5E87242E61B400BA62F8 /* PersonViewController.swift in Sources */,
			);
			runOnlyForDeploymentPostprocessing = 0;
		};
		289AE6FD240033770029719B /* Sources */ = {
			isa = PBXSourcesBuildPhase;
			buildActionMask = 2147483647;
			files = (
				289AE706240033770029719B /* TheMovieDatabaseTests.swift in Sources */,
			);
			runOnlyForDeploymentPostprocessing = 0;
		};
/* End PBXSourcesBuildPhase section */

/* Begin PBXTargetDependency section */
		289AE703240033770029719B /* PBXTargetDependency */ = {
			isa = PBXTargetDependency;
			target = 289AE6EA240033740029719B /* TheMovieDatabase */;
			targetProxy = 289AE702240033770029719B /* PBXContainerItemProxy */;
		};
/* End PBXTargetDependency section */

/* Begin PBXVariantGroup section */
		289AE6F4240033740029719B /* Main.storyboard */ = {
			isa = PBXVariantGroup;
			children = (
				289AE6F5240033740029719B /* Base */,
			);
			name = Main.storyboard;
			sourceTree = "<group>";
		};
		289AE6F9240033770029719B /* LaunchScreen.storyboard */ = {
			isa = PBXVariantGroup;
			children = (
				289AE6FA240033770029719B /* Base */,
			);
			name = LaunchScreen.storyboard;
			sourceTree = "<group>";
		};
/* End PBXVariantGroup section */

/* Begin XCBuildConfiguration section */
		289AE708240033770029719B /* Debug */ = {
			isa = XCBuildConfiguration;
			buildSettings = {
				ALWAYS_SEARCH_USER_PATHS = NO;
				CLANG_ANALYZER_NONNULL = YES;
				CLANG_ANALYZER_NUMBER_OBJECT_CONVERSION = YES_AGGRESSIVE;
				CLANG_CXX_LANGUAGE_STANDARD = "gnu++14";
				CLANG_CXX_LIBRARY = "libc++";
				CLANG_ENABLE_MODULES = YES;
				CLANG_ENABLE_OBJC_ARC = YES;
				CLANG_ENABLE_OBJC_WEAK = YES;
				CLANG_WARN_BLOCK_CAPTURE_AUTORELEASING = YES;
				CLANG_WARN_BOOL_CONVERSION = YES;
				CLANG_WARN_COMMA = YES;
				CLANG_WARN_CONSTANT_CONVERSION = YES;
				CLANG_WARN_DEPRECATED_OBJC_IMPLEMENTATIONS = YES;
				CLANG_WARN_DIRECT_OBJC_ISA_USAGE = YES_ERROR;
				CLANG_WARN_DOCUMENTATION_COMMENTS = YES;
				CLANG_WARN_EMPTY_BODY = YES;
				CLANG_WARN_ENUM_CONVERSION = YES;
				CLANG_WARN_INFINITE_RECURSION = YES;
				CLANG_WARN_INT_CONVERSION = YES;
				CLANG_WARN_NON_LITERAL_NULL_CONVERSION = YES;
				CLANG_WARN_OBJC_IMPLICIT_RETAIN_SELF = YES;
				CLANG_WARN_OBJC_LITERAL_CONVERSION = YES;
				CLANG_WARN_OBJC_ROOT_CLASS = YES_ERROR;
				CLANG_WARN_RANGE_LOOP_ANALYSIS = YES;
				CLANG_WARN_STRICT_PROTOTYPES = YES;
				CLANG_WARN_SUSPICIOUS_MOVE = YES;
				CLANG_WARN_UNGUARDED_AVAILABILITY = YES_AGGRESSIVE;
				CLANG_WARN_UNREACHABLE_CODE = YES;
				CLANG_WARN__DUPLICATE_METHOD_MATCH = YES;
				COPY_PHASE_STRIP = NO;
				DEBUG_INFORMATION_FORMAT = dwarf;
				ENABLE_STRICT_OBJC_MSGSEND = YES;
				ENABLE_TESTABILITY = YES;
				GCC_C_LANGUAGE_STANDARD = gnu11;
				GCC_DYNAMIC_NO_PIC = NO;
				GCC_NO_COMMON_BLOCKS = YES;
				GCC_OPTIMIZATION_LEVEL = 0;
				GCC_PREPROCESSOR_DEFINITIONS = (
					"DEBUG=1",
					"$(inherited)",
				);
				GCC_WARN_64_TO_32_BIT_CONVERSION = YES;
				GCC_WARN_ABOUT_RETURN_TYPE = YES_ERROR;
				GCC_WARN_UNDECLARED_SELECTOR = YES;
				GCC_WARN_UNINITIALIZED_AUTOS = YES_AGGRESSIVE;
				GCC_WARN_UNUSED_FUNCTION = YES;
				GCC_WARN_UNUSED_VARIABLE = YES;
				IPHONEOS_DEPLOYMENT_TARGET = 13.0;
				MTL_ENABLE_DEBUG_INFO = INCLUDE_SOURCE;
				MTL_FAST_MATH = YES;
				ONLY_ACTIVE_ARCH = YES;
				SDKROOT = iphoneos;
				SWIFT_ACTIVE_COMPILATION_CONDITIONS = DEBUG;
				SWIFT_OPTIMIZATION_LEVEL = "-Onone";
			};
			name = Debug;
		};
		289AE709240033770029719B /* Release */ = {
			isa = XCBuildConfiguration;
			buildSettings = {
				ALWAYS_SEARCH_USER_PATHS = NO;
				CLANG_ANALYZER_NONNULL = YES;
				CLANG_ANALYZER_NUMBER_OBJECT_CONVERSION = YES_AGGRESSIVE;
				CLANG_CXX_LANGUAGE_STANDARD = "gnu++14";
				CLANG_CXX_LIBRARY = "libc++";
				CLANG_ENABLE_MODULES = YES;
				CLANG_ENABLE_OBJC_ARC = YES;
				CLANG_ENABLE_OBJC_WEAK = YES;
				CLANG_WARN_BLOCK_CAPTURE_AUTORELEASING = YES;
				CLANG_WARN_BOOL_CONVERSION = YES;
				CLANG_WARN_COMMA = YES;
				CLANG_WARN_CONSTANT_CONVERSION = YES;
				CLANG_WARN_DEPRECATED_OBJC_IMPLEMENTATIONS = YES;
				CLANG_WARN_DIRECT_OBJC_ISA_USAGE = YES_ERROR;
				CLANG_WARN_DOCUMENTATION_COMMENTS = YES;
				CLANG_WARN_EMPTY_BODY = YES;
				CLANG_WARN_ENUM_CONVERSION = YES;
				CLANG_WARN_INFINITE_RECURSION = YES;
				CLANG_WARN_INT_CONVERSION = YES;
				CLANG_WARN_NON_LITERAL_NULL_CONVERSION = YES;
				CLANG_WARN_OBJC_IMPLICIT_RETAIN_SELF = YES;
				CLANG_WARN_OBJC_LITERAL_CONVERSION = YES;
				CLANG_WARN_OBJC_ROOT_CLASS = YES_ERROR;
				CLANG_WARN_RANGE_LOOP_ANALYSIS = YES;
				CLANG_WARN_STRICT_PROTOTYPES = YES;
				CLANG_WARN_SUSPICIOUS_MOVE = YES;
				CLANG_WARN_UNGUARDED_AVAILABILITY = YES_AGGRESSIVE;
				CLANG_WARN_UNREACHABLE_CODE = YES;
				CLANG_WARN__DUPLICATE_METHOD_MATCH = YES;
				COPY_PHASE_STRIP = NO;
				DEBUG_INFORMATION_FORMAT = "dwarf-with-dsym";
				ENABLE_NS_ASSERTIONS = NO;
				ENABLE_STRICT_OBJC_MSGSEND = YES;
				GCC_C_LANGUAGE_STANDARD = gnu11;
				GCC_NO_COMMON_BLOCKS = YES;
				GCC_WARN_64_TO_32_BIT_CONVERSION = YES;
				GCC_WARN_ABOUT_RETURN_TYPE = YES_ERROR;
				GCC_WARN_UNDECLARED_SELECTOR = YES;
				GCC_WARN_UNINITIALIZED_AUTOS = YES_AGGRESSIVE;
				GCC_WARN_UNUSED_FUNCTION = YES;
				GCC_WARN_UNUSED_VARIABLE = YES;
				IPHONEOS_DEPLOYMENT_TARGET = 13.0;
				MTL_ENABLE_DEBUG_INFO = NO;
				MTL_FAST_MATH = YES;
				SDKROOT = iphoneos;
				SWIFT_COMPILATION_MODE = wholemodule;
				SWIFT_OPTIMIZATION_LEVEL = "-O";
				VALIDATE_PRODUCT = YES;
			};
			name = Release;
		};
		289AE70B240033770029719B /* Debug */ = {
			isa = XCBuildConfiguration;
			baseConfigurationReference = 42A61C9BA9287CA1FB662FC4 /* Pods-TheMovieDatabase.debug.xcconfig */;
			buildSettings = {
				ASSETCATALOG_COMPILER_APPICON_NAME = AppIcon;
				CODE_SIGN_STYLE = Automatic;
				DEVELOPMENT_TEAM = 72X79CX8K3;
				INFOPLIST_FILE = TheMovieDatabase/Info.plist;
				IPHONEOS_DEPLOYMENT_TARGET = 13.0;
				LD_RUNPATH_SEARCH_PATHS = (
					"$(inherited)",
					"@executable_path/Frameworks",
				);
				PRODUCT_BUNDLE_IDENTIFIER = jj.movie;
				PRODUCT_NAME = "$(TARGET_NAME)";
				SWIFT_VERSION = 5.0;
				TARGETED_DEVICE_FAMILY = "1,2";
			};
			name = Debug;
		};
		289AE70C240033770029719B /* Release */ = {
			isa = XCBuildConfiguration;
			baseConfigurationReference = 6C773D6C0317A66DEFD8E162 /* Pods-TheMovieDatabase.release.xcconfig */;
			buildSettings = {
				ASSETCATALOG_COMPILER_APPICON_NAME = AppIcon;
				CODE_SIGN_STYLE = Automatic;
				DEVELOPMENT_TEAM = 72X79CX8K3;
				INFOPLIST_FILE = TheMovieDatabase/Info.plist;
				IPHONEOS_DEPLOYMENT_TARGET = 13.0;
				LD_RUNPATH_SEARCH_PATHS = (
					"$(inherited)",
					"@executable_path/Frameworks",
				);
				PRODUCT_BUNDLE_IDENTIFIER = jj.movie;
				PRODUCT_NAME = "$(TARGET_NAME)";
				SWIFT_VERSION = 5.0;
				TARGETED_DEVICE_FAMILY = "1,2";
			};
			name = Release;
		};
		289AE70E240033770029719B /* Debug */ = {
			isa = XCBuildConfiguration;
			baseConfigurationReference = 71D4FC945196AEC04BFA1B85 /* Pods-TheMovieDatabaseTests.debug.xcconfig */;
			buildSettings = {
				ALWAYS_EMBED_SWIFT_STANDARD_LIBRARIES = YES;
				BUNDLE_LOADER = "$(TEST_HOST)";
				CODE_SIGN_STYLE = Automatic;
				DEVELOPMENT_TEAM = 72X79CX8K3;
				INFOPLIST_FILE = TheMovieDatabaseTests/Info.plist;
				IPHONEOS_DEPLOYMENT_TARGET = 13.2;
				LD_RUNPATH_SEARCH_PATHS = (
					"$(inherited)",
					"@executable_path/Frameworks",
					"@loader_path/Frameworks",
				);
				PRODUCT_BUNDLE_IDENTIFIER = me.TheMovieDatabaseTests;
				PRODUCT_NAME = "$(TARGET_NAME)";
				SWIFT_VERSION = 5.0;
				TARGETED_DEVICE_FAMILY = "1,2";
				TEST_HOST = "$(BUILT_PRODUCTS_DIR)/TheMovieDatabase.app/TheMovieDatabase";
			};
			name = Debug;
		};
		289AE70F240033770029719B /* Release */ = {
			isa = XCBuildConfiguration;
			baseConfigurationReference = B9D03ABDD85B9A938F3C2E95 /* Pods-TheMovieDatabaseTests.release.xcconfig */;
			buildSettings = {
				ALWAYS_EMBED_SWIFT_STANDARD_LIBRARIES = YES;
				BUNDLE_LOADER = "$(TEST_HOST)";
				CODE_SIGN_STYLE = Automatic;
				DEVELOPMENT_TEAM = 72X79CX8K3;
				INFOPLIST_FILE = TheMovieDatabaseTests/Info.plist;
				IPHONEOS_DEPLOYMENT_TARGET = 13.2;
				LD_RUNPATH_SEARCH_PATHS = (
					"$(inherited)",
					"@executable_path/Frameworks",
					"@loader_path/Frameworks",
				);
				PRODUCT_BUNDLE_IDENTIFIER = me.TheMovieDatabaseTests;
				PRODUCT_NAME = "$(TARGET_NAME)";
				SWIFT_VERSION = 5.0;
				TARGETED_DEVICE_FAMILY = "1,2";
				TEST_HOST = "$(BUILT_PRODUCTS_DIR)/TheMovieDatabase.app/TheMovieDatabase";
			};
			name = Release;
		};
/* End XCBuildConfiguration section */

/* Begin XCConfigurationList section */
		289AE6E6240033740029719B /* Build configuration list for PBXProject "TheMovieDatabase" */ = {
			isa = XCConfigurationList;
			buildConfigurations = (
				289AE708240033770029719B /* Debug */,
				289AE709240033770029719B /* Release */,
			);
			defaultConfigurationIsVisible = 0;
			defaultConfigurationName = Release;
		};
		289AE70A240033770029719B /* Build configuration list for PBXNativeTarget "TheMovieDatabase" */ = {
			isa = XCConfigurationList;
			buildConfigurations = (
				289AE70B240033770029719B /* Debug */,
				289AE70C240033770029719B /* Release */,
			);
			defaultConfigurationIsVisible = 0;
			defaultConfigurationName = Release;
		};
		289AE70D240033770029719B /* Build configuration list for PBXNativeTarget "TheMovieDatabaseTests" */ = {
			isa = XCConfigurationList;
			buildConfigurations = (
				289AE70E240033770029719B /* Debug */,
				289AE70F240033770029719B /* Release */,
			);
			defaultConfigurationIsVisible = 0;
			defaultConfigurationName = Release;
		};
/* End XCConfigurationList section */
	};
	rootObject = 289AE6E3240033740029719B /* Project object */;
}
