// !$*UTF8*$!
{
	archiveVersion = 1;
	classes = {
	};
	objectVersion = 51;
	objects = {

/* Begin PBXBuildFile section */
		288E935B240667F700D67930 /* UIImageView.swift in Sources */ = {isa = PBXBuildFile; fileRef = 288E935A240667F700D67930 /* UIImageView.swift */; };
		289AE6EF240033740029719B /* AppDelegate.swift in Sources */ = {isa = PBXBuildFile; fileRef = 289AE6EE240033740029719B /* AppDelegate.swift */; };
		289AE6F1240033740029719B /* SceneDelegate.swift in Sources */ = {isa = PBXBuildFile; fileRef = 289AE6F0240033740029719B /* SceneDelegate.swift */; };
		289AE6F6240033740029719B /* Main.storyboard in Resources */ = {isa = PBXBuildFile; fileRef = 289AE6F4240033740029719B /* Main.storyboard */; };
		289AE6F8240033770029719B /* Assets.xcassets in Resources */ = {isa = PBXBuildFile; fileRef = 289AE6F7240033770029719B /* Assets.xcassets */; };
		289AE6FB240033770029719B /* LaunchScreen.storyboard in Resources */ = {isa = PBXBuildFile; fileRef = 289AE6F9240033770029719B /* LaunchScreen.storyboard */; };
		289AE706240033770029719B /* TheMovieDatabaseTests.swift in Sources */ = {isa = PBXBuildFile; fileRef = 289AE705240033770029719B /* TheMovieDatabaseTests.swift */; };
		289AE7112400675A0029719B /* FeedViewController.swift in Sources */ = {isa = PBXBuildFile; fileRef = 289AE7102400675A0029719B /* FeedViewController.swift */; };
		289AE713240067790029719B /* FavoritesViewController.swift in Sources */ = {isa = PBXBuildFile; fileRef = 289AE712240067790029719B /* FavoritesViewController.swift */; };
		289AE7152400678D0029719B /* SearchMovieViewController.swift in Sources */ = {isa = PBXBuildFile; fileRef = 289AE7142400678D0029719B /* SearchMovieViewController.swift */; };
		289AE71724006CD40029719B /* MovieTableViewCell.swift in Sources */ = {isa = PBXBuildFile; fileRef = 289AE71624006CD40029719B /* MovieTableViewCell.swift */; };
		28FD53C124007E3C00AD4923 /* MovieDetailsViewController.swift in Sources */ = {isa = PBXBuildFile; fileRef = 28FD53C024007E3C00AD4923 /* MovieDetailsViewController.swift */; };
		28FD53C724058DDF00AD4923 /* MoviesService.swift in Sources */ = {isa = PBXBuildFile; fileRef = 28FD53C624058DDF00AD4923 /* MoviesService.swift */; };
		28FD53C924058E4D00AD4923 /* Movie.swift in Sources */ = {isa = PBXBuildFile; fileRef = 28FD53C824058E4D00AD4923 /* Movie.swift */; };
		86FE8AB6BB0D970884460256 /* Pods_TheMovieDatabase.framework in Frameworks */ = {isa = PBXBuildFile; fileRef = E872651DBBD7CA7CB1FB5399 /* Pods_TheMovieDatabase.framework */; };
		DF30AB9677F2F4977EA13097 /* Pods_TheMovieDatabaseTests.framework in Frameworks */ = {isa = PBXBuildFile; fileRef = 1A124CC66FA0CACC6FE76C06 /* Pods_TheMovieDatabaseTests.framework */; };
/* End PBXBuildFile section */

/* Begin PBXContainerItemProxy section */
		289AE702240033770029719B /* PBXContainerItemProxy */ = {
			isa = PBXContainerItemProxy;
			containerPortal = 289AE6E3240033740029719B /* Project object */;
			proxyType = 1;
			remoteGlobalIDString = 289AE6EA240033740029719B;
			remoteInfo = TheMovieDatabase;
		};
/* End PBXContainerItemProxy section */

/* Begin PBXFileReference section */
		1A124CC66FA0CACC6FE76C06 /* Pods_TheMovieDatabaseTests.framework */ = {isa = PBXFileReference; explicitFileType = wrapper.framework; includeInIndex = 0; path = Pods_TheMovieDatabaseTests.framework; sourceTree = BUILT_PRODUCTS_DIR; };
		288E935A240667F700D67930 /* UIImageView.swift */ = {isa = PBXFileReference; lastKnownFileType = sourcecode.swift; path = UIImageView.swift; sourceTree = "<group>"; };
		289AE6EB240033740029719B /* TheMovieDatabase.app */ = {isa = PBXFileReference; explicitFileType = wrapper.application; includeInIndex = 0; path = TheMovieDatabase.app; sourceTree = BUILT_PRODUCTS_DIR; };
		289AE6EE240033740029719B /* AppDelegate.swift */ = {isa = PBXFileReference; lastKnownFileType = sourcecode.swift; path = AppDelegate.swift; sourceTree = "<group>"; };
		289AE6F0240033740029719B /* SceneDelegate.swift */ = {isa = PBXFileReference; lastKnownFileType = sourcecode.swift; path = SceneDelegate.swift; sourceTree = "<group>"; };
		289AE6F5240033740029719B /* Base */ = {isa = PBXFileReference; lastKnownFileType = file.storyboard; name = Base; path = Base.lproj/Main.storyboard; sourceTree = "<group>"; };
		289AE6F7240033770029719B /* Assets.xcassets */ = {isa = PBXFileReference; lastKnownFileType = folder.assetcatalog; path = Assets.xcassets; sourceTree = "<group>"; };
		289AE6FA240033770029719B /* Base */ = {isa = PBXFileReference; lastKnownFileType = file.storyboard; name = Base; path = Base.lproj/LaunchScreen.storyboard; sourceTree = "<group>"; };
		289AE6FC240033770029719B /* Info.plist */ = {isa = PBXFileReference; lastKnownFileType = text.plist.xml; path = Info.plist; sourceTree = "<group>"; };
		289AE701240033770029719B /* TheMovieDatabaseTests.xctest */ = {isa = PBXFileReference; explicitFileType = wrapper.cfbundle; includeInIndex = 0; path = TheMovieDatabaseTests.xctest; sourceTree = BUILT_PRODUCTS_DIR; };
		289AE705240033770029719B /* TheMovieDatabaseTests.swift */ = {isa = PBXFileReference; lastKnownFileType = sourcecode.swift; path = TheMovieDatabaseTests.swift; sourceTree = "<group>"; };
		289AE707240033770029719B /* Info.plist */ = {isa = PBXFileReference; lastKnownFileType = text.plist.xml; path = Info.plist; sourceTree = "<group>"; };
		289AE7102400675A0029719B /* FeedViewController.swift */ = {isa = PBXFileReference; lastKnownFileType = sourcecode.swift; path = FeedViewController.swift; sourceTree = "<group>"; };
		289AE712240067790029719B /* FavoritesViewController.swift */ = {isa = PBXFileReference; lastKnownFileType = sourcecode.swift; path = FavoritesViewController.swift; sourceTree = "<group>"; };
		289AE7142400678D0029719B /* SearchMovieViewController.swift */ = {isa = PBXFileReference; lastKnownFileType = sourcecode.swift; path = SearchMovieViewController.swift; sourceTree = "<group>"; };
		289AE71624006CD40029719B /* MovieTableViewCell.swift */ = {isa = PBXFileReference; lastKnownFileType = sourcecode.swift; path = MovieTableViewCell.swift; sourceTree = "<group>"; };
		28FD53C024007E3C00AD4923 /* MovieDetailsViewController.swift */ = {isa = PBXFileReference; lastKnownFileType = sourcecode.swift; path = MovieDetailsViewController.swift; sourceTree = "<group>"; };
		28FD53C624058DDF00AD4923 /* MoviesService.swift */ = {isa = PBXFileReference; lastKnownFileType = sourcecode.swift; path = MoviesService.swift; sourceTree = "<group>"; };
		28FD53C824058E4D00AD4923 /* Movie.swift */ = {isa = PBXFileReference; lastKnownFileType = sourcecode.swift; path = Movie.swift; sourceTree = "<group>"; };
		6328D6299B6C9256C3D0D3C2 /* Pods-TheMovieDatabaseTests.release.xcconfig */ = {isa = PBXFileReference; includeInIndex = 1; lastKnownFileType = text.xcconfig; name = "Pods-TheMovieDatabaseTests.release.xcconfig"; path = "Target Support Files/Pods-TheMovieDatabaseTests/Pods-TheMovieDatabaseTests.release.xcconfig"; sourceTree = "<group>"; };
		9938C9CD778270652905BC5D /* Pods-TheMovieDatabase.debug.xcconfig */ = {isa = PBXFileReference; includeInIndex = 1; lastKnownFileType = text.xcconfig; name = "Pods-TheMovieDatabase.debug.xcconfig"; path = "Target Support Files/Pods-TheMovieDatabase/Pods-TheMovieDatabase.debug.xcconfig"; sourceTree = "<group>"; };
		A14CD1B46EFFF875F999BE04 /* Pods-TheMovieDatabaseTests.debug.xcconfig */ = {isa = PBXFileReference; includeInIndex = 1; lastKnownFileType = text.xcconfig; name = "Pods-TheMovieDatabaseTests.debug.xcconfig"; path = "Target Support Files/Pods-TheMovieDatabaseTests/Pods-TheMovieDatabaseTests.debug.xcconfig"; sourceTree = "<group>"; };
		BBD8086F2BCB97ACA71AE432 /* Pods-TheMovieDatabase.release.xcconfig */ = {isa = PBXFileReference; includeInIndex = 1; lastKnownFileType = text.xcconfig; name = "Pods-TheMovieDatabase.release.xcconfig"; path = "Target Support Files/Pods-TheMovieDatabase/Pods-TheMovieDatabase.release.xcconfig"; sourceTree = "<group>"; };
		E872651DBBD7CA7CB1FB5399 /* Pods_TheMovieDatabase.framework */ = {isa = PBXFileReference; explicitFileType = wrapper.framework; includeInIndex = 0; path = Pods_TheMovieDatabase.framework; sourceTree = BUILT_PRODUCTS_DIR; };
/* End PBXFileReference section */

/* Begin PBXFrameworksBuildPhase section */
		289AE6E8240033740029719B /* Frameworks */ = {
			isa = PBXFrameworksBuildPhase;
			buildActionMask = 2147483647;
			files = (
				86FE8AB6BB0D970884460256 /* Pods_TheMovieDatabase.framework in Frameworks */,
			);
			runOnlyForDeploymentPostprocessing = 0;
		};
		289AE6FE240033770029719B /* Frameworks */ = {
			isa = PBXFrameworksBuildPhase;
			buildActionMask = 2147483647;
			files = (
				DF30AB9677F2F4977EA13097 /* Pods_TheMovieDatabaseTests.framework in Frameworks */,
			);
			runOnlyForDeploymentPostprocessing = 0;
		};
/* End PBXFrameworksBuildPhase section */

/* Begin PBXGroup section */
		288E935C240667FC00D67930 /* Extensions */ = {
			isa = PBXGroup;
			children = (
				288E935A240667F700D67930 /* UIImageView.swift */,
			);
			path = Extensions;
			sourceTree = "<group>";
		};
		288E935D240673F300D67930 /* Network */ = {
			isa = PBXGroup;
			children = (
				28FD53C624058DDF00AD4923 /* MoviesService.swift */,
			);
			path = Network;
			sourceTree = "<group>";
		};
		289AE6E2240033740029719B = {
			isa = PBXGroup;
			children = (
				289AE6ED240033740029719B /* TheMovieDatabase */,
				289AE704240033770029719B /* TheMovieDatabaseTests */,
				289AE6EC240033740029719B /* Products */,
				4CEB46CD3AAE94E655E5B928 /* Pods */,
				CDC60435EC6613605796F6A4 /* Frameworks */,
			);
			sourceTree = "<group>";
		};
		289AE6EC240033740029719B /* Products */ = {
			isa = PBXGroup;
			children = (
				289AE6EB240033740029719B /* TheMovieDatabase.app */,
				289AE701240033770029719B /* TheMovieDatabaseTests.xctest */,
			);
			name = Products;
			sourceTree = "<group>";
		};
		289AE6ED240033740029719B /* TheMovieDatabase */ = {
			isa = PBXGroup;
			children = (
				289AE6EE240033740029719B /* AppDelegate.swift */,
				28FD53CA24058E5300AD4923 /* Models */,
				28FD53CC24058F7C00AD4923 /* Views */,
				28FD53CB24058E6C00AD4923 /* ViewControllers */,
				288E935D240673F300D67930 /* Network */,
				288E935C240667FC00D67930 /* Extensions */,
				289AE6F0240033740029719B /* SceneDelegate.swift */,
				289AE6F7240033770029719B /* Assets.xcassets */,
				289AE6F9240033770029719B /* LaunchScreen.storyboard */,
				289AE6FC240033770029719B /* Info.plist */,
			);
			path = TheMovieDatabase;
			sourceTree = "<group>";
		};
		289AE704240033770029719B /* TheMovieDatabaseTests */ = {
			isa = PBXGroup;
			children = (
				289AE705240033770029719B /* TheMovieDatabaseTests.swift */,
				289AE707240033770029719B /* Info.plist */,
			);
			path = TheMovieDatabaseTests;
			sourceTree = "<group>";
		};
		28FD53CA24058E5300AD4923 /* Models */ = {
			isa = PBXGroup;
			children = (
				28FD53C824058E4D00AD4923 /* Movie.swift */,
			);
			path = Models;
			sourceTree = "<group>";
		};
		28FD53CB24058E6C00AD4923 /* ViewControllers */ = {
			isa = PBXGroup;
			children = (
				289AE7102400675A0029719B /* FeedViewController.swift */,
				289AE71624006CD40029719B /* MovieTableViewCell.swift */,
				28FD53C024007E3C00AD4923 /* MovieDetailsViewController.swift */,
				289AE7142400678D0029719B /* SearchMovieViewController.swift */,
				289AE712240067790029719B /* FavoritesViewController.swift */,
			);
			path = ViewControllers;
			sourceTree = "<group>";
		};
		28FD53CC24058F7C00AD4923 /* Views */ = {
			isa = PBXGroup;
			children = (
				289AE6F4240033740029719B /* Main.storyboard */,
			);
			path = Views;
			sourceTree = "<group>";
		};
		4CEB46CD3AAE94E655E5B928 /* Pods */ = {
			isa = PBXGroup;
			children = (
				9938C9CD778270652905BC5D /* Pods-TheMovieDatabase.debug.xcconfig */,
				BBD8086F2BCB97ACA71AE432 /* Pods-TheMovieDatabase.release.xcconfig */,
				A14CD1B46EFFF875F999BE04 /* Pods-TheMovieDatabaseTests.debug.xcconfig */,
				6328D6299B6C9256C3D0D3C2 /* Pods-TheMovieDatabaseTests.release.xcconfig */,
			);
			path = Pods;
			sourceTree = "<group>";
		};
		CDC60435EC6613605796F6A4 /* Frameworks */ = {
			isa = PBXGroup;
			children = (
				E872651DBBD7CA7CB1FB5399 /* Pods_TheMovieDatabase.framework */,
				1A124CC66FA0CACC6FE76C06 /* Pods_TheMovieDatabaseTests.framework */,
			);
			name = Frameworks;
			sourceTree = "<group>";
		};
/* End PBXGroup section */

/* Begin PBXNativeTarget section */
		289AE6EA240033740029719B /* TheMovieDatabase */ = {
			isa = PBXNativeTarget;
			buildConfigurationList = 289AE70A240033770029719B /* Build configuration list for PBXNativeTarget "TheMovieDatabase" */;
			buildPhases = (
				410D930ED369924DD618AAB1 /* [CP] Check Pods Manifest.lock */,
				289AE6E7240033740029719B /* Sources */,
				289AE6E8240033740029719B /* Frameworks */,
				289AE6E9240033740029719B /* Resources */,
				28FD53C22403E61E00AD4923 /* ShellScript */,
				227C6765E6D1AB586C4085D3 /* [CP] Embed Pods Frameworks */,
			);
			buildRules = (
			);
			dependencies = (
			);
			name = TheMovieDatabase;
			productName = TheMovieDatabase;
			productReference = 289AE6EB240033740029719B /* TheMovieDatabase.app */;
			productType = "com.apple.product-type.application";
		};
		289AE700240033770029719B /* TheMovieDatabaseTests */ = {
			isa = PBXNativeTarget;
			buildConfigurationList = 289AE70D240033770029719B /* Build configuration list for PBXNativeTarget "TheMovieDatabaseTests" */;
			buildPhases = (
				8325CCFFA5C4990106CBB7FB /* [CP] Check Pods Manifest.lock */,
				289AE6FD240033770029719B /* Sources */,
				289AE6FE240033770029719B /* Frameworks */,
				289AE6FF240033770029719B /* Resources */,
			);
			buildRules = (
			);
			dependencies = (
				289AE703240033770029719B /* PBXTargetDependency */,
			);
			name = TheMovieDatabaseTests;
			productName = TheMovieDatabaseTests;
			productReference = 289AE701240033770029719B /* TheMovieDatabaseTests.xctest */;
			productType = "com.apple.product-type.bundle.unit-test";
		};
/* End PBXNativeTarget section */

/* Begin PBXProject section */
		289AE6E3240033740029719B /* Project object */ = {
			isa = PBXProject;
			attributes = {
				LastSwiftUpdateCheck = 1120;
				LastUpgradeCheck = 1120;
				ORGANIZATIONNAME = "Evgeny Syrtsov";
				TargetAttributes = {
					289AE6EA240033740029719B = {
						CreatedOnToolsVersion = 11.2.1;
					};
					289AE700240033770029719B = {
						CreatedOnToolsVersion = 11.2.1;
						TestTargetID = 289AE6EA240033740029719B;
					};
				};
			};
			buildConfigurationList = 289AE6E6240033740029719B /* Build configuration list for PBXProject "TheMovieDatabase" */;
			compatibilityVersion = "Xcode 9.3";
			developmentRegion = en;
			hasScannedForEncodings = 0;
			knownRegions = (
				en,
				Base,
			);
			mainGroup = 289AE6E2240033740029719B;
			productRefGroup = 289AE6EC240033740029719B /* Products */;
			projectDirPath = "";
			projectRoot = "";
			targets = (
				289AE6EA240033740029719B /* TheMovieDatabase */,
				289AE700240033770029719B /* TheMovieDatabaseTests */,
			);
		};
/* End PBXProject section */

/* Begin PBXResourcesBuildPhase section */
		289AE6E9240033740029719B /* Resources */ = {
			isa = PBXResourcesBuildPhase;
			buildActionMask = 2147483647;
			files = (
				289AE6FB240033770029719B /* LaunchScreen.storyboard in Resources */,
				289AE6F8240033770029719B /* Assets.xcassets in Resources */,
				289AE6F6240033740029719B /* Main.storyboard in Resources */,
			);
			runOnlyForDeploymentPostprocessing = 0;
		};
		289AE6FF240033770029719B /* Resources */ = {
			isa = PBXResourcesBuildPhase;
			buildActionMask = 2147483647;
			files = (
			);
			runOnlyForDeploymentPostprocessing = 0;
		};
/* End PBXResourcesBuildPhase section */

/* Begin PBXShellScriptBuildPhase section */
		227C6765E6D1AB586C4085D3 /* [CP] Embed Pods Frameworks */ = {
			isa = PBXShellScriptBuildPhase;
			buildActionMask = 2147483647;
			files = (
			);
			inputFileListPaths = (
				"${PODS_ROOT}/Target Support Files/Pods-TheMovieDatabase/Pods-TheMovieDatabase-frameworks-${CONFIGURATION}-input-files.xcfilelist",
			);
			name = "[CP] Embed Pods Frameworks";
			outputFileListPaths = (
				"${PODS_ROOT}/Target Support Files/Pods-TheMovieDatabase/Pods-TheMovieDatabase-frameworks-${CONFIGURATION}-output-files.xcfilelist",
			);
			runOnlyForDeploymentPostprocessing = 0;
			shellPath = /bin/sh;
			shellScript = "\"${PODS_ROOT}/Target Support Files/Pods-TheMovieDatabase/Pods-TheMovieDatabase-frameworks.sh\"\n";
			showEnvVarsInLog = 0;
		};
		28FD53C22403E61E00AD4923 /* ShellScript */ = {
			isa = PBXShellScriptBuildPhase;
			buildActionMask = 2147483647;
			files = (
			);
			inputFileListPaths = (
			);
			inputPaths = (
			);
			outputFileListPaths = (
			);
			outputPaths = (
			);
			runOnlyForDeploymentPostprocessing = 0;
			shellPath = /bin/sh;
			shellScript = "if which swiftlint >/dev/null; then\n  swiftlint\nelse\n  echo \"warning: SwiftLint not installed, download from https://github.com/realm/SwiftLint\"\nfi\n";
		};
		410D930ED369924DD618AAB1 /* [CP] Check Pods Manifest.lock */ = {
			isa = PBXShellScriptBuildPhase;
			buildActionMask = 2147483647;
			files = (
			);
			inputFileListPaths = (
			);
			inputPaths = (
				"${PODS_PODFILE_DIR_PATH}/Podfile.lock",
				"${PODS_ROOT}/Manifest.lock",
			);
			name = "[CP] Check Pods Manifest.lock";
			outputFileListPaths = (
			);
			outputPaths = (
				"$(DERIVED_FILE_DIR)/Pods-TheMovieDatabase-checkManifestLockResult.txt",
			);
			runOnlyForDeploymentPostprocessing = 0;
			shellPath = /bin/sh;
			shellScript = "diff \"${PODS_PODFILE_DIR_PATH}/Podfile.lock\" \"${PODS_ROOT}/Manifest.lock\" > /dev/null\nif [ $? != 0 ] ; then\n    # print error to STDERR\n    echo \"error: The sandbox is not in sync with the Podfile.lock. Run 'pod install' or update your CocoaPods installation.\" >&2\n    exit 1\nfi\n# This output is used by Xcode 'outputs' to avoid re-running this script phase.\necho \"SUCCESS\" > \"${SCRIPT_OUTPUT_FILE_0}\"\n";
			showEnvVarsInLog = 0;
		};
		8325CCFFA5C4990106CBB7FB /* [CP] Check Pods Manifest.lock */ = {
			isa = PBXShellScriptBuildPhase;
			buildActionMask = 2147483647;
			files = (
			);
			inputFileListPaths = (
			);
			inputPaths = (
				"${PODS_PODFILE_DIR_PATH}/Podfile.lock",
				"${PODS_ROOT}/Manifest.lock",
			);
			name = "[CP] Check Pods Manifest.lock";
			outputFileListPaths = (
			);
			outputPaths = (
				"$(DERIVED_FILE_DIR)/Pods-TheMovieDatabaseTests-checkManifestLockResult.txt",
			);
			runOnlyForDeploymentPostprocessing = 0;
			shellPath = /bin/sh;
			shellScript = "diff \"${PODS_PODFILE_DIR_PATH}/Podfile.lock\" \"${PODS_ROOT}/Manifest.lock\" > /dev/null\nif [ $? != 0 ] ; then\n    # print error to STDERR\n    echo \"error: The sandbox is not in sync with the Podfile.lock. Run 'pod install' or update your CocoaPods installation.\" >&2\n    exit 1\nfi\n# This output is used by Xcode 'outputs' to avoid re-running this script phase.\necho \"SUCCESS\" > \"${SCRIPT_OUTPUT_FILE_0}\"\n";
			showEnvVarsInLog = 0;
		};
/* End PBXShellScriptBuildPhase section */

/* Begin PBXSourcesBuildPhase section */
		289AE6E7240033740029719B /* Sources */ = {
			isa = PBXSourcesBuildPhase;
			buildActionMask = 2147483647;
			files = (
				28FD53C124007E3C00AD4923 /* MovieDetailsViewController.swift in Sources */,
				288E935B240667F700D67930 /* UIImageView.swift in Sources */,
				289AE7152400678D0029719B /* SearchMovieViewController.swift in Sources */,
				289AE6EF240033740029719B /* AppDelegate.swift in Sources */,
				28FD53C924058E4D00AD4923 /* Movie.swift in Sources */,
				28FD53C724058DDF00AD4923 /* MoviesService.swift in Sources */,
				289AE71724006CD40029719B /* MovieTableViewCell.swift in Sources */,
				289AE7112400675A0029719B /* FeedViewController.swift in Sources */,
				289AE713240067790029719B /* FavoritesViewController.swift in Sources */,
				289AE6F1240033740029719B /* SceneDelegate.swift in Sources */,
			);
			runOnlyForDeploymentPostprocessing = 0;
		};
		289AE6FD240033770029719B /* Sources */ = {
			isa = PBXSourcesBuildPhase;
			buildActionMask = 2147483647;
			files = (
				289AE706240033770029719B /* TheMovieDatabaseTests.swift in Sources */,
			);
			runOnlyForDeploymentPostprocessing = 0;
		};
/* End PBXSourcesBuildPhase section */

/* Begin PBXTargetDependency section */
		289AE703240033770029719B /* PBXTargetDependency */ = {
			isa = PBXTargetDependency;
			target = 289AE6EA240033740029719B /* TheMovieDatabase */;
			targetProxy = 289AE702240033770029719B /* PBXContainerItemProxy */;
		};
/* End PBXTargetDependency section */

/* Begin PBXVariantGroup section */
		289AE6F4240033740029719B /* Main.storyboard */ = {
			isa = PBXVariantGroup;
			children = (
				289AE6F5240033740029719B /* Base */,
			);
			name = Main.storyboard;
			sourceTree = "<group>";
		};
		289AE6F9240033770029719B /* LaunchScreen.storyboard */ = {
			isa = PBXVariantGroup;
			children = (
				289AE6FA240033770029719B /* Base */,
			);
			name = LaunchScreen.storyboard;
			sourceTree = "<group>";
		};
/* End PBXVariantGroup section */

/* Begin XCBuildConfiguration section */
		289AE708240033770029719B /* Debug */ = {
			isa = XCBuildConfiguration;
			buildSettings = {
				ALWAYS_SEARCH_USER_PATHS = NO;
				CLANG_ANALYZER_NONNULL = YES;
				CLANG_ANALYZER_NUMBER_OBJECT_CONVERSION = YES_AGGRESSIVE;
				CLANG_CXX_LANGUAGE_STANDARD = "gnu++14";
				CLANG_CXX_LIBRARY = "libc++";
				CLANG_ENABLE_MODULES = YES;
				CLANG_ENABLE_OBJC_ARC = YES;
				CLANG_ENABLE_OBJC_WEAK = YES;
				CLANG_WARN_BLOCK_CAPTURE_AUTORELEASING = YES;
				CLANG_WARN_BOOL_CONVERSION = YES;
				CLANG_WARN_COMMA = YES;
				CLANG_WARN_CONSTANT_CONVERSION = YES;
				CLANG_WARN_DEPRECATED_OBJC_IMPLEMENTATIONS = YES;
				CLANG_WARN_DIRECT_OBJC_ISA_USAGE = YES_ERROR;
				CLANG_WARN_DOCUMENTATION_COMMENTS = YES;
				CLANG_WARN_EMPTY_BODY = YES;
				CLANG_WARN_ENUM_CONVERSION = YES;
				CLANG_WARN_INFINITE_RECURSION = YES;
				CLANG_WARN_INT_CONVERSION = YES;
				CLANG_WARN_NON_LITERAL_NULL_CONVERSION = YES;
				CLANG_WARN_OBJC_IMPLICIT_RETAIN_SELF = YES;
				CLANG_WARN_OBJC_LITERAL_CONVERSION = YES;
				CLANG_WARN_OBJC_ROOT_CLASS = YES_ERROR;
				CLANG_WARN_RANGE_LOOP_ANALYSIS = YES;
				CLANG_WARN_STRICT_PROTOTYPES = YES;
				CLANG_WARN_SUSPICIOUS_MOVE = YES;
				CLANG_WARN_UNGUARDED_AVAILABILITY = YES_AGGRESSIVE;
				CLANG_WARN_UNREACHABLE_CODE = YES;
				CLANG_WARN__DUPLICATE_METHOD_MATCH = YES;
				COPY_PHASE_STRIP = NO;
				DEBUG_INFORMATION_FORMAT = dwarf;
				ENABLE_STRICT_OBJC_MSGSEND = YES;
				ENABLE_TESTABILITY = YES;
				GCC_C_LANGUAGE_STANDARD = gnu11;
				GCC_DYNAMIC_NO_PIC = NO;
				GCC_NO_COMMON_BLOCKS = YES;
				GCC_OPTIMIZATION_LEVEL = 0;
				GCC_PREPROCESSOR_DEFINITIONS = (
					"DEBUG=1",
					"$(inherited)",
				);
				GCC_WARN_64_TO_32_BIT_CONVERSION = YES;
				GCC_WARN_ABOUT_RETURN_TYPE = YES_ERROR;
				GCC_WARN_UNDECLARED_SELECTOR = YES;
				GCC_WARN_UNINITIALIZED_AUTOS = YES_AGGRESSIVE;
				GCC_WARN_UNUSED_FUNCTION = YES;
				GCC_WARN_UNUSED_VARIABLE = YES;
				IPHONEOS_DEPLOYMENT_TARGET = 13.2;
				MTL_ENABLE_DEBUG_INFO = INCLUDE_SOURCE;
				MTL_FAST_MATH = YES;
				ONLY_ACTIVE_ARCH = YES;
				SDKROOT = iphoneos;
				SWIFT_ACTIVE_COMPILATION_CONDITIONS = DEBUG;
				SWIFT_OPTIMIZATION_LEVEL = "-Onone";
			};
			name = Debug;
		};
		289AE709240033770029719B /* Release */ = {
			isa = XCBuildConfiguration;
			buildSettings = {
				ALWAYS_SEARCH_USER_PATHS = NO;
				CLANG_ANALYZER_NONNULL = YES;
				CLANG_ANALYZER_NUMBER_OBJECT_CONVERSION = YES_AGGRESSIVE;
				CLANG_CXX_LANGUAGE_STANDARD = "gnu++14";
				CLANG_CXX_LIBRARY = "libc++";
				CLANG_ENABLE_MODULES = YES;
				CLANG_ENABLE_OBJC_ARC = YES;
				CLANG_ENABLE_OBJC_WEAK = YES;
				CLANG_WARN_BLOCK_CAPTURE_AUTORELEASING = YES;
				CLANG_WARN_BOOL_CONVERSION = YES;
				CLANG_WARN_COMMA = YES;
				CLANG_WARN_CONSTANT_CONVERSION = YES;
				CLANG_WARN_DEPRECATED_OBJC_IMPLEMENTATIONS = YES;
				CLANG_WARN_DIRECT_OBJC_ISA_USAGE = YES_ERROR;
				CLANG_WARN_DOCUMENTATION_COMMENTS = YES;
				CLANG_WARN_EMPTY_BODY = YES;
				CLANG_WARN_ENUM_CONVERSION = YES;
				CLANG_WARN_INFINITE_RECURSION = YES;
				CLANG_WARN_INT_CONVERSION = YES;
				CLANG_WARN_NON_LITERAL_NULL_CONVERSION = YES;
				CLANG_WARN_OBJC_IMPLICIT_RETAIN_SELF = YES;
				CLANG_WARN_OBJC_LITERAL_CONVERSION = YES;
				CLANG_WARN_OBJC_ROOT_CLASS = YES_ERROR;
				CLANG_WARN_RANGE_LOOP_ANALYSIS = YES;
				CLANG_WARN_STRICT_PROTOTYPES = YES;
				CLANG_WARN_SUSPICIOUS_MOVE = YES;
				CLANG_WARN_UNGUARDED_AVAILABILITY = YES_AGGRESSIVE;
				CLANG_WARN_UNREACHABLE_CODE = YES;
				CLANG_WARN__DUPLICATE_METHOD_MATCH = YES;
				COPY_PHASE_STRIP = NO;
				DEBUG_INFORMATION_FORMAT = "dwarf-with-dsym";
				ENABLE_NS_ASSERTIONS = NO;
				ENABLE_STRICT_OBJC_MSGSEND = YES;
				GCC_C_LANGUAGE_STANDARD = gnu11;
				GCC_NO_COMMON_BLOCKS = YES;
				GCC_WARN_64_TO_32_BIT_CONVERSION = YES;
				GCC_WARN_ABOUT_RETURN_TYPE = YES_ERROR;
				GCC_WARN_UNDECLARED_SELECTOR = YES;
				GCC_WARN_UNINITIALIZED_AUTOS = YES_AGGRESSIVE;
				GCC_WARN_UNUSED_FUNCTION = YES;
				GCC_WARN_UNUSED_VARIABLE = YES;
				IPHONEOS_DEPLOYMENT_TARGET = 13.2;
				MTL_ENABLE_DEBUG_INFO = NO;
				MTL_FAST_MATH = YES;
				SDKROOT = iphoneos;
				SWIFT_COMPILATION_MODE = wholemodule;
				SWIFT_OPTIMIZATION_LEVEL = "-O";
				VALIDATE_PRODUCT = YES;
			};
			name = Release;
		};
		289AE70B240033770029719B /* Debug */ = {
			isa = XCBuildConfiguration;
			baseConfigurationReference = 9938C9CD778270652905BC5D /* Pods-TheMovieDatabase.debug.xcconfig */;
			buildSettings = {
				ASSETCATALOG_COMPILER_APPICON_NAME = AppIcon;
				CODE_SIGN_STYLE = Automatic;
				DEVELOPMENT_TEAM = 72X79CX8K3;
				INFOPLIST_FILE = TheMovieDatabase/Info.plist;
				LD_RUNPATH_SEARCH_PATHS = (
					"$(inherited)",
					"@executable_path/Frameworks",
				);
				PRODUCT_BUNDLE_IDENTIFIER = jj.movie;
				PRODUCT_NAME = "$(TARGET_NAME)";
				SWIFT_VERSION = 5.0;
				TARGETED_DEVICE_FAMILY = "1,2";
			};
			name = Debug;
		};
		289AE70C240033770029719B /* Release */ = {
			isa = XCBuildConfiguration;
			baseConfigurationReference = BBD8086F2BCB97ACA71AE432 /* Pods-TheMovieDatabase.release.xcconfig */;
			buildSettings = {
				ASSETCATALOG_COMPILER_APPICON_NAME = AppIcon;
				CODE_SIGN_STYLE = Automatic;
				DEVELOPMENT_TEAM = 72X79CX8K3;
				INFOPLIST_FILE = TheMovieDatabase/Info.plist;
				LD_RUNPATH_SEARCH_PATHS = (
					"$(inherited)",
					"@executable_path/Frameworks",
				);
				PRODUCT_BUNDLE_IDENTIFIER = jj.movie;
				PRODUCT_NAME = "$(TARGET_NAME)";
				SWIFT_VERSION = 5.0;
				TARGETED_DEVICE_FAMILY = "1,2";
			};
			name = Release;
		};
		289AE70E240033770029719B /* Debug */ = {
			isa = XCBuildConfiguration;
			baseConfigurationReference = A14CD1B46EFFF875F999BE04 /* Pods-TheMovieDatabaseTests.debug.xcconfig */;
			buildSettings = {
				ALWAYS_EMBED_SWIFT_STANDARD_LIBRARIES = YES;
				BUNDLE_LOADER = "$(TEST_HOST)";
				CODE_SIGN_STYLE = Automatic;
				DEVELOPMENT_TEAM = 72X79CX8K3;
				INFOPLIST_FILE = TheMovieDatabaseTests/Info.plist;
				IPHONEOS_DEPLOYMENT_TARGET = 13.2;
				LD_RUNPATH_SEARCH_PATHS = (
					"$(inherited)",
					"@executable_path/Frameworks",
					"@loader_path/Frameworks",
				);
				PRODUCT_BUNDLE_IDENTIFIER = me.TheMovieDatabaseTests;
				PRODUCT_NAME = "$(TARGET_NAME)";
				SWIFT_VERSION = 5.0;
				TARGETED_DEVICE_FAMILY = "1,2";
				TEST_HOST = "$(BUILT_PRODUCTS_DIR)/TheMovieDatabase.app/TheMovieDatabase";
			};
			name = Debug;
		};
		289AE70F240033770029719B /* Release */ = {
			isa = XCBuildConfiguration;
			baseConfigurationReference = 6328D6299B6C9256C3D0D3C2 /* Pods-TheMovieDatabaseTests.release.xcconfig */;
			buildSettings = {
				ALWAYS_EMBED_SWIFT_STANDARD_LIBRARIES = YES;
				BUNDLE_LOADER = "$(TEST_HOST)";
				CODE_SIGN_STYLE = Automatic;
				DEVELOPMENT_TEAM = 72X79CX8K3;
				INFOPLIST_FILE = TheMovieDatabaseTests/Info.plist;
				IPHONEOS_DEPLOYMENT_TARGET = 13.2;
				LD_RUNPATH_SEARCH_PATHS = (
					"$(inherited)",
					"@executable_path/Frameworks",
					"@loader_path/Frameworks",
				);
				PRODUCT_BUNDLE_IDENTIFIER = me.TheMovieDatabaseTests;
				PRODUCT_NAME = "$(TARGET_NAME)";
				SWIFT_VERSION = 5.0;
				TARGETED_DEVICE_FAMILY = "1,2";
				TEST_HOST = "$(BUILT_PRODUCTS_DIR)/TheMovieDatabase.app/TheMovieDatabase";
			};
			name = Release;
		};
/* End XCBuildConfiguration section */

/* Begin XCConfigurationList section */
		289AE6E6240033740029719B /* Build configuration list for PBXProject "TheMovieDatabase" */ = {
			isa = XCConfigurationList;
			buildConfigurations = (
				289AE708240033770029719B /* Debug */,
				289AE709240033770029719B /* Release */,
			);
			defaultConfigurationIsVisible = 0;
			defaultConfigurationName = Release;
		};
		289AE70A240033770029719B /* Build configuration list for PBXNativeTarget "TheMovieDatabase" */ = {
			isa = XCConfigurationList;
			buildConfigurations = (
				289AE70B240033770029719B /* Debug */,
				289AE70C240033770029719B /* Release */,
			);
			defaultConfigurationIsVisible = 0;
			defaultConfigurationName = Release;
		};
		289AE70D240033770029719B /* Build configuration list for PBXNativeTarget "TheMovieDatabaseTests" */ = {
			isa = XCConfigurationList;
			buildConfigurations = (
				289AE70E240033770029719B /* Debug */,
				289AE70F240033770029719B /* Release */,
			);
			defaultConfigurationIsVisible = 0;
			defaultConfigurationName = Release;
		};
/* End XCConfigurationList section */
	};
	rootObject = 289AE6E3240033740029719B /* Project object */;
}
